
Microsoft Visual Studio Solution File, Format Version 12.00
# Visual Studio 2012
Project("{FAE04EC0-301F-11D3-BF4B-00C04F79EFBC}") = "AzureProtect", "AzureProtect\AzureProtect.csproj", "{2A44E05B-B0A2-4F3F-8C01-5E1EEB15C89F}"
EndProject
Project("{CC5FD16D-436D-48AD-A40C-5A424C6E3E79}") = "CloudProtect", "CloudProtect\CloudProtect.ccproj", "{9B71D4E9-52EE-4D61-A141-24273E33EC6B}"
EndProject
Global
	GlobalSection(SolutionConfigurationPlatforms) = preSolution
		Debug|Any CPU = Debug|Any CPU
		Release|Any CPU = Release|Any CPU
	EndGlobalSection
	GlobalSection(ProjectConfigurationPlatforms) = postSolution
		{2A44E05B-B0A2-4F3F-8C01-5E1EEB15C89F}.Debug|Any CPU.ActiveCfg = Debug|Any CPU
		{2A44E05B-B0A2-4F3F-8C01-5E1EEB15C89F}.Debug|Any CPU.Build.0 = Debug|Any CPU
		{2A44E05B-B0A2-4F3F-8C01-5E1EEB15C89F}.Release|Any CPU.ActiveCfg = Release|Any CPU
		{2A44E05B-B0A2-4F3F-8C01-5E1EEB15C89F}.Release|Any CPU.Build.0 = Release|Any CPU
		{9B71D4E9-52EE-4D61-A141-24273E33EC6B}.Debug|Any CPU.ActiveCfg = Debug|Any CPU
		{9B71D4E9-52EE-4D61-A141-24273E33EC6B}.Debug|Any CPU.Build.0 = Debug|Any CPU
		{9B71D4E9-52EE-4D61-A141-24273E33EC6B}.Release|Any CPU.ActiveCfg = Release|Any CPU
		{9B71D4E9-52EE-4D61-A141-24273E33EC6B}.Release|Any CPU.Build.0 = Release|Any CPU
	EndGlobalSection
	GlobalSection(SolutionProperties) = preSolution
		HideSolutionNode = FALSE
	EndGlobalSection
EndGlobal
